<?xml version="1.0" encoding="utf-8"?>
<Project ToolsVersion="4.0" xmlns="http://schemas.microsoft.com/developer/msbuild/2003">
  <ItemGroup>
    <Filter Include="リソース ファイル">
      <UniqueIdentifier>{67DA6AB6-F800-4c08-8B7A-83BB121AAD01}</UniqueIdentifier>
      <Extensions>rc;ico;cur;bmp;dlg;rc2;rct;bin;rgs;gif;jpg;jpeg;jpe;resx;tiff;tif;png;wav;mfcribbon-ms</Extensions>
    </Filter>
    <Filter Include="DirectXTex">
      <UniqueIdentifier>{338969e1-f0b3-48c7-a7e3-073e32c5d275}</UniqueIdentifier>
    </Filter>
    <Filter Include="IMGUI">
      <UniqueIdentifier>{e0eb5e56-5c89-48d1-926e-ee6ad34086d7}</UniqueIdentifier>
    </Filter>
    <Filter Include="DirectX11">
      <UniqueIdentifier>{b5d1ba36-3c9d-445b-abd0-41a44908324a}</UniqueIdentifier>
    </Filter>
    <Filter Include="DirectX11\PrimaryDevice">
      <UniqueIdentifier>{02cb65be-db88-425e-a862-70a9047316ce}</UniqueIdentifier>
    </Filter>
    <Filter Include="DirectX11\RenderTarget">
      <UniqueIdentifier>{a4d08804-bce8-4e8e-83bc-992a221559e0}</UniqueIdentifier>
    </Filter>
    <Filter Include="DirectX11\DepthStencil">
      <UniqueIdentifier>{b306551d-b898-4c3b-b79d-14baafa46387}</UniqueIdentifier>
    </Filter>
    <Filter Include="DirectX11\RenderingState">
      <UniqueIdentifier>{f0271b10-23fe-4247-bd61-8dd6439ba1a1}</UniqueIdentifier>
    </Filter>
    <Filter Include="DirectX11\RenderingState\DepthStencilState">
      <UniqueIdentifier>{bcae5293-7fcf-4d11-a084-c7620dbfc37e}</UniqueIdentifier>
    </Filter>
    <Filter Include="DirectX11\RenderingState\RasterizeState">
      <UniqueIdentifier>{a7bc710a-6f8e-47db-b4fd-5abdf573b9a3}</UniqueIdentifier>
    </Filter>
    <Filter Include="DirectX11\RenderingState\AlphaBlendState">
      <UniqueIdentifier>{c6125758-7b68-42f4-bba2-54301b78fe5e}</UniqueIdentifier>
    </Filter>
    <Filter Include="DirectX11\RenderingState\ViewPortSetting">
      <UniqueIdentifier>{c1536353-e9b9-40b9-ba66-7ba668f00fc9}</UniqueIdentifier>
    </Filter>
    <Filter Include="DirectX11\SystemWrapper">
      <UniqueIdentifier>{b7a9426f-488d-46de-8dd9-35936d265c8c}</UniqueIdentifier>
    </Filter>
    <Filter Include="Input">
      <UniqueIdentifier>{d1125617-892b-469a-9930-bb42508ef5f3}</UniqueIdentifier>
    </Filter>
  </ItemGroup>
  <ItemGroup>
    <ClInclude Include="DirectXTex\DirectXTex.h">
      <Filter>DirectXTex</Filter>
    </ClInclude>
    <ClInclude Include="DirectXTex\WICTextureLoader.h">
      <Filter>DirectXTex</Filter>
    </ClInclude>
    <ClInclude Include="IMGUI\imconfig.h">
      <Filter>IMGUI</Filter>
    </ClInclude>
    <ClInclude Include="IMGUI\imgui.h">
      <Filter>IMGUI</Filter>
    </ClInclude>
    <ClInclude Include="IMGUI\imgui_impl_dx11.h">
      <Filter>IMGUI</Filter>
    </ClInclude>
    <ClInclude Include="IMGUI\imgui_impl_win32.h">
      <Filter>IMGUI</Filter>
    </ClInclude>
    <ClInclude Include="IMGUI\imgui_internal.h">
      <Filter>IMGUI</Filter>
    </ClInclude>
    <ClInclude Include="IMGUI\imstb_rectpack.h">
      <Filter>IMGUI</Filter>
    </ClInclude>
    <ClInclude Include="IMGUI\imstb_textedit.h">
      <Filter>IMGUI</Filter>
    </ClInclude>
    <ClInclude Include="IMGUI\imstb_truetype.h">
      <Filter>IMGUI</Filter>
    </ClInclude>
    <ClInclude Include="DirectX11\PrimaryDevice\DirectX11.h">
      <Filter>DirectX11\PrimaryDevice</Filter>
    </ClInclude>
    <ClInclude Include="DirectX11\RenderTarget\RenderTargeth.h">
      <Filter>DirectX11\RenderTarget</Filter>
    </ClInclude>
    <ClInclude Include="DirectX11\DepthStencil\DepthStencil.h">
      <Filter>DirectX11\DepthStencil</Filter>
    </ClInclude>
    <ClInclude Include="DirectX11\RenderingState\DepthStencilState\DepthStencilState.h">
      <Filter>DirectX11\RenderingState\DepthStencilState</Filter>
    </ClInclude>
    <ClInclude Include="DirectX11\RenderingState\RasterizeState\RasterizeState.h">
      <Filter>DirectX11\RenderingState\RasterizeState</Filter>
    </ClInclude>
    <ClInclude Include="DirectX11\RenderingState\AlphaBlendState\AlphaBlendState.h">
      <Filter>DirectX11\RenderingState\AlphaBlendState</Filter>
    </ClInclude>
    <ClInclude Include="DirectX11\RenderingState\ViewportSetting\ViewportSetting.h">
      <Filter>DirectX11\RenderingState\ViewPortSetting</Filter>
    </ClInclude>
    <ClInclude Include="DirectX11\SystemWrapper\SystemWrapper.h">
      <Filter>DirectX11\SystemWrapper</Filter>
    </ClInclude>
    <ClInclude Include="Input\CDirectInput.h">
      <Filter>Input</Filter>
    </ClInclude>
  </ItemGroup>
  <ItemGroup>
    <None Include="DirectXTex\DirectXTex.inl">
      <Filter>DirectXTex</Filter>
    </None>
  </ItemGroup>
  <ItemGroup>
    <ClCompile Include="DirectXTex\WICTextureLoader.cpp">
      <Filter>DirectXTex</Filter>
    </ClCompile>
    <ClCompile Include="IMGUI\imgui.cpp">
      <Filter>IMGUI</Filter>
    </ClCompile>
    <ClCompile Include="IMGUI\imgui_demo.cpp">
      <Filter>IMGUI</Filter>
    </ClCompile>
    <ClCompile Include="IMGUI\imgui_draw.cpp">
      <Filter>IMGUI</Filter>
    </ClCompile>
    <ClCompile Include="IMGUI\imgui_impl_dx11.cpp">
      <Filter>IMGUI</Filter>
    </ClCompile>
    <ClCompile Include="IMGUI\imgui_impl_win32.cpp">
      <Filter>IMGUI</Filter>
    </ClCompile>
    <ClCompile Include="IMGUI\imgui_widgets.cpp">
      <Filter>IMGUI</Filter>
    </ClCompile>
    <ClCompile Include="DirectX11\PrimaryDevice\DirectX11Main.cpp">
      <Filter>DirectX11\PrimaryDevice</Filter>
    </ClCompile>
    <ClCompile Include="DirectX11\RenderTarget\RenderTarget.cpp">
      <Filter>DirectX11\RenderTarget</Filter>
    </ClCompile>
    <ClCompile Include="DirectX11\DepthStencil\DepthStencil.cpp">
      <Filter>DirectX11\DepthStencil</Filter>
    </ClCompile>
    <ClCompile Include="DirectX11\RenderingState\DepthStencilState\DepthStencilState.cpp">
      <Filter>DirectX11\RenderingState\DepthStencilState</Filter>
    </ClCompile>
    <ClCompile Include="DirectX11\RenderingState\RasterizeState\RasterizeState.cpp">
      <Filter>DirectX11\RenderingState\RasterizeState</Filter>
    </ClCompile>
    <ClCompile Include="DirectX11\RenderingState\AlphaBlendState\AlphaBlendState.cpp">
      <Filter>DirectX11\RenderingState\AlphaBlendState</Filter>
    </ClCompile>
    <ClCompile Include="DirectX11\RenderingState\ViewportSetting\ViewportSetting.cpp">
      <Filter>DirectX11\RenderingState\ViewPortSetting</Filter>
    </ClCompile>
    <ClCompile Include="DirectX11\SystemWrapper\SystemWrapper.cpp">
      <Filter>DirectX11\SystemWrapper</Filter>
    </ClCompile>
  </ItemGroup>
</Project>